
Microsoft Visual Studio Solution File, Format Version 12.00
# Visual Studio 15
VisualStudioVersion = 15.0.28307.1062
MinimumVisualStudioVersion = 10.0.40219.1
Project("{FAE04EC0-301F-11D3-BF4B-00C04F79EFBC}") = "ShootingStars", "ShootingStars\ShootingStars.csproj", "{8F7829C7-4050-4698-BD19-53A6054C03E9}"
EndProject
Global
	GlobalSection(SolutionConfigurationPlatforms) = preSolution
		Debug|Any CPU = Debug|Any CPU
		Release|Any CPU = Release|Any CPU
	EndGlobalSection
	GlobalSection(ProjectConfigurationPlatforms) = postSolution
		{8F7829C7-4050-4698-BD19-53A6054C03E9}.Debug|Any CPU.ActiveCfg = Debug|Any CPU
		{8F7829C7-4050-4698-BD19-53A6054C03E9}.Debug|Any CPU.Build.0 = Debug|Any CPU
		{8F7829C7-4050-4698-BD19-53A6054C03E9}.Release|Any CPU.ActiveCfg = Release|Any CPU
		{8F7829C7-4050-4698-BD19-53A6054C03E9}.Release|Any CPU.Build.0 = Release|Any CPU
	EndGlobalSection
	GlobalSection(SolutionProperties) = preSolution
		HideSolutionNode = FALSE
	EndGlobalSection
	GlobalSection(ExtensibilityGlobals) = postSolution
		SolutionGuid = {E4C696F2-2DB6-4885-82BA-67BC90204C08}
	EndGlobalSection
EndGlobal
